PODS:
  - Bolts (1.8.4):
    - Bolts/AppLinks (= 1.8.4)
    - Bolts/Tasks (= 1.8.4)
  - Bolts/AppLinks (1.8.4):
    - Bolts/Tasks
  - Bolts/Tasks (1.8.4)
  - Crashlytics (3.8.6):
    - Fabric (~> 1.6.3)
  - Fabric (1.6.12)
  - FBAudienceNetwork (4.26.0):
    - KVOController
  - FBSDKCoreKit (4.27.0):
    - Bolts (~> 1.7)
  - KVOController (1.2.0)
  - Masonry (1.0.2)

DEPENDENCIES:
  - Crashlytics
  - Fabric
  - FBAudienceNetwork
  - FBSDKCoreKit
  - Masonry

SPEC CHECKSUMS:
  Bolts: 8a7995239dbe724f9cba2248b766d48b7ebdd322
  Crashlytics: 95d05f4e4c19a771250c4bd9ce344d996de32bbf
  Fabric: f050464eac45a2ce5a8e6e6a07e977c0df32fe28
  FBAudienceNetwork: c3488041a9aa3f716d2edb3ceec8929e54c8f95a
  FBSDKCoreKit: ebc6c5f5b3f0e72396041050e2266781a38ac587
  KVOController: d72ace34afea42468329623b3379ab3cd1d286b6
  Masonry: 7c429b56da9d4ee0bbb3ed77a5ea710d6a5df39e

PODFILE CHECKSUM: abad3428b614ab4c3024d26b574c890a49454194

COCOAPODS: 1.2.0
